{
    "_readme": [
        "This file locks the dependencies of your project to a known state",
        "Read more about it at https://getcomposer.org/doc/01-basic-usage.md#installing-dependencies",
        "This file is @generated automatically"
    ],
    "content-hash": "66f91cfeb70830f25538f870949aff18",
    "packages": [
        {
            "name": "php-mime-mail-parser/php-mime-mail-parser",
            "version": "8.0.3",
            "source": {
                "type": "git",
                "url": "https://github.com/php-mime-mail-parser/php-mime-mail-parser.git",
                "reference": "e62934ab6c474bd3d8e351f9adbcae402d412f77"
            },
            "dist": {
                "type": "zip",
                "url": "https://api.github.com/repos/php-mime-mail-parser/php-mime-mail-parser/zipball/e62934ab6c474bd3d8e351f9adbcae402d412f77",
                "reference": "e62934ab6c474bd3d8e351f9adbcae402d412f77",
                "shasum": ""
            },
            "require": {
                "ext-mailparse": "*",
                "php": "^8.0"
            },
            "replace": {
                "exorus/php-mime-mail-parser": "*",
                "messaged/php-mime-mail-parser": "*"
            },
            "require-dev": {
                "php-coveralls/php-coveralls": "^2.2",
                "phpunit/phpunit": "^9.3",
                "squizlabs/php_codesniffer": "^3.5"
            },
            "type": "library",
            "autoload": {
                "psr-4": {
                    "PhpMimeMailParser\\": "src/"
                }
            },
            "notification-url": "https://packagist.org/downloads/",
            "license": [
                "MIT"
            ],
            "authors": [
                {
                    "name": "eXorus",
                    "email": "exorus.spam@gmail.com",
                    "homepage": "https://github.com/eXorus/",
                    "role": "Developer"
                },
                {
                    "name": "M.Valinskis",
                    "email": "M.Valins@gmail.com",
                    "homepage": "https://code.google.com/p/php-mime-mail-parser",
                    "role": "Developer"
                },
                {
                    "name": "eugene.emmett.wood",
                    "email": "gene_w@cementhorizon.com",
                    "homepage": "https://code.google.com/p/php-mime-mail-parser",
                    "role": "Developer"
                },
                {
                    "name": "alknetso",
                    "email": "alkne@gmail.com",
                    "homepage": "https://code.google.com/p/php-mime-mail-parser",
                    "role": "Developer"
                },
                {
                    "name": "bucabay",
                    "email": "gabe@fijiwebdesign.com",
                    "homepage": "http://www.fijiwebdesign.com",
                    "role": "Developer"
                }
            ],
            "description": "A fully tested email parser for PHP 8.0+ (mailparse extension wrapper).",
            "homepage": "https://github.com/php-mime-mail-parser/php-mime-mail-parser",
            "keywords": [
                "MimeMailParser",
                "mail",
                "mailparse",
                "mime",
                "parser",
                "php"
            ],
            "support": {
                "issues": "https://github.com/php-mime-mail-parser/php-mime-mail-parser/issues",
                "source": "https://github.com/php-mime-mail-parser/php-mime-mail-parser/tree/8.0.3"
            },
            "time": "2024-01-04T16:02:11+00:00"
        },
        {
            "name": "psr/log",
            "version": "1.1.4",
            "source": {
                "type": "git",
                "url": "https://github.com/php-fig/log.git",
                "reference": "d49695b909c3b7628b6289db5479a1c204601f11"
            },
            "dist": {
                "type": "zip",
                "url": "https://api.github.com/repos/php-fig/log/zipball/d49695b909c3b7628b6289db5479a1c204601f11",
                "reference": "d49695b909c3b7628b6289db5479a1c204601f11",
                "shasum": ""
            },
            "require": {
                "php": ">=5.3.0"
            },
            "type": "library",
            "extra": {
                "branch-alias": {
                    "dev-master": "1.1.x-dev"
                }
            },
            "autoload": {
                "psr-4": {
                    "Psr\\Log\\": "Psr/Log/"
                }
            },
            "notification-url": "https://packagist.org/downloads/",
            "license": [
                "MIT"
            ],
            "authors": [
                {
                    "name": "PHP-FIG",
                    "homepage": "https://www.php-fig.org/"
                }
            ],
            "description": "Common interface for logging libraries",
            "homepage": "https://github.com/php-fig/log",
            "keywords": [
                "log",
                "psr",
                "psr-3"
            ],
            "support": {
                "source": "https://github.com/php-fig/log/tree/1.1.4"
            },
            "time": "2021-05-03T11:20:27+00:00"
        },
        {
            "name": "shardj/zf1-future",
            "version": "1.24.0",
            "source": {
                "type": "git",
                "url": "https://github.com/Shardj/zf1-future.git",
                "reference": "b87c1507cd10c01d9b3b1bc4a0cae32f6a9c6d6c"
            },
            "dist": {
                "type": "zip",
                "url": "https://api.github.com/repos/Shardj/zf1-future/zipball/b87c1507cd10c01d9b3b1bc4a0cae32f6a9c6d6c",
                "reference": "b87c1507cd10c01d9b3b1bc4a0cae32f6a9c6d6c",
                "shasum": ""
            },
            "require": {
                "php": ">=7.1",
                "symfony/polyfill-ctype": "^1.27",
                "symfony/polyfill-mbstring": "^1.26",
                "symfony/polyfill-php81": "^1.24"
            },
            "replace": {
                "zendframework/zendframework1": ">=1.12.20"
            },
            "require-dev": {
                "php-parallel-lint/php-parallel-lint": "^1.3",
                "phpunit/phpunit": "^7|^8|^9",
                "rector/rector": "^0.12.19",
                "yoast/phpunit-polyfills": "2.0"
            },
            "suggest": {
                "ext-mbstring": "Multibyte strings handling"
            },
            "type": "library",
            "extra": {
                "branch-alias": {
                    "dev-master": "1.12.x-dev"
                }
            },
            "autoload": {
                "psr-0": {
                    "Zend_": "library/"
                }
            },
            "notification-url": "https://packagist.org/downloads/",
            "include-path": [
                "library/"
            ],
            "license": [
                "BSD-3-Clause"
            ],
            "description": "Zend Framework 1. The aim is to keep ZF1 working with the latest PHP versions",
            "homepage": "http://framework.zend.com/",
            "keywords": [
                "ZF1",
                "framework"
            ],
            "support": {
                "issues": "https://github.com/Shardj/zf1-future/issues",
                "source": "https://github.com/Shardj/zf1-future/tree/1.24.0"
            },
            "time": "2024-02-05T16:48:33+00:00"
        },
        {
            "name": "smarty/smarty",
            "version": "v4.5.3",
            "source": {
                "type": "git",
                "url": "https://github.com/smarty-php/smarty.git",
                "reference": "9fc96a13dbaf546c3d7bcf95466726578cd4e0fa"
            },
            "dist": {
                "type": "zip",
                "url": "https://api.github.com/repos/smarty-php/smarty/zipball/9fc96a13dbaf546c3d7bcf95466726578cd4e0fa",
                "reference": "9fc96a13dbaf546c3d7bcf95466726578cd4e0fa",
                "shasum": ""
            },
            "require": {
                "php": "^7.1 || ^8.0"
            },
            "require-dev": {
                "phpunit/phpunit": "^8.5 || ^7.5",
                "smarty/smarty-lexer": "^3.1"
            },
            "type": "library",
            "extra": {
                "branch-alias": {
                    "dev-master": "4.0.x-dev"
                }
            },
            "autoload": {
                "classmap": [
                    "libs/"
                ]
            },
            "notification-url": "https://packagist.org/downloads/",
            "license": [
                "LGPL-3.0"
            ],
            "authors": [
                {
                    "name": "Monte Ohrt",
                    "email": "monte@ohrt.com"
                },
                {
                    "name": "Uwe Tews",
                    "email": "uwe.tews@googlemail.com"
                },
                {
                    "name": "Rodney Rehm",
                    "email": "rodney.rehm@medialize.de"
                },
                {
                    "name": "Simon Wisselink",
                    "homepage": "https://www.iwink.nl/"
                }
            ],
            "description": "Smarty - the compiling PHP template engine",
            "homepage": "https://smarty-php.github.io/smarty/",
            "keywords": [
                "templating"
            ],
            "support": {
                "forum": "https://github.com/smarty-php/smarty/discussions",
                "issues": "https://github.com/smarty-php/smarty/issues",
                "source": "https://github.com/smarty-php/smarty/tree/v4.5.3"
            },
            "time": "2024-05-28T21:46:01+00:00"
        },
        {
            "name": "symfony/polyfill-ctype",
            "version": "v1.29.0",
            "source": {
                "type": "git",
                "url": "https://github.com/symfony/polyfill-ctype.git",
                "reference": "ef4d7e442ca910c4764bce785146269b30cb5fc4"
            },
            "dist": {
                "type": "zip",
                "url": "https://api.github.com/repos/symfony/polyfill-ctype/zipball/ef4d7e442ca910c4764bce785146269b30cb5fc4",
                "reference": "ef4d7e442ca910c4764bce785146269b30cb5fc4",
                "shasum": ""
            },
            "require": {
                "php": ">=7.1"
            },
            "provide": {
                "ext-ctype": "*"
            },
            "suggest": {
                "ext-ctype": "For best performance"
            },
            "type": "library",
            "extra": {
                "thanks": {
                    "name": "symfony/polyfill",
                    "url": "https://github.com/symfony/polyfill"
                }
            },
            "autoload": {
                "files": [
                    "bootstrap.php"
                ],
                "psr-4": {
                    "Symfony\\Polyfill\\Ctype\\": ""
                }
            },
            "notification-url": "https://packagist.org/downloads/",
            "license": [
                "MIT"
            ],
            "authors": [
                {
                    "name": "Gert de Pagter",
                    "email": "BackEndTea@gmail.com"
                },
                {
                    "name": "Symfony Community",
                    "homepage": "https://symfony.com/contributors"
                }
            ],
            "description": "Symfony polyfill for ctype functions",
            "homepage": "https://symfony.com",
            "keywords": [
                "compatibility",
                "ctype",
                "polyfill",
                "portable"
            ],
            "support": {
                "source": "https://github.com/symfony/polyfill-ctype/tree/v1.29.0"
            },
            "funding": [
                {
                    "url": "https://symfony.com/sponsor",
                    "type": "custom"
                },
                {
                    "url": "https://github.com/fabpot",
                    "type": "github"
                },
                {
                    "url": "https://tidelift.com/funding/github/packagist/symfony/symfony",
                    "type": "tidelift"
                }
            ],
            "time": "2024-01-29T20:11:03+00:00"
        },
        {
            "name": "symfony/polyfill-mbstring",
            "version": "v1.29.0",
            "source": {
                "type": "git",
                "url": "https://github.com/symfony/polyfill-mbstring.git",
                "reference": "9773676c8a1bb1f8d4340a62efe641cf76eda7ec"
            },
            "dist": {
                "type": "zip",
                "url": "https://api.github.com/repos/symfony/polyfill-mbstring/zipball/9773676c8a1bb1f8d4340a62efe641cf76eda7ec",
                "reference": "9773676c8a1bb1f8d4340a62efe641cf76eda7ec",
                "shasum": ""
            },
            "require": {
                "php": ">=7.1"
            },
            "provide": {
                "ext-mbstring": "*"
            },
            "suggest": {
                "ext-mbstring": "For best performance"
            },
            "type": "library",
            "extra": {
                "thanks": {
                    "name": "symfony/polyfill",
                    "url": "https://github.com/symfony/polyfill"
                }
            },
            "autoload": {
                "files": [
                    "bootstrap.php"
                ],
                "psr-4": {
                    "Symfony\\Polyfill\\Mbstring\\": ""
                }
            },
            "notification-url": "https://packagist.org/downloads/",
            "license": [
                "MIT"
            ],
            "authors": [
                {
                    "name": "Nicolas Grekas",
                    "email": "p@tchwork.com"
                },
                {
                    "name": "Symfony Community",
                    "homepage": "https://symfony.com/contributors"
                }
            ],
            "description": "Symfony polyfill for the Mbstring extension",
            "homepage": "https://symfony.com",
            "keywords": [
                "compatibility",
                "mbstring",
                "polyfill",
                "portable",
                "shim"
            ],
            "support": {
                "source": "https://github.com/symfony/polyfill-mbstring/tree/v1.29.0"
            },
            "funding": [
                {
                    "url": "https://symfony.com/sponsor",
                    "type": "custom"
                },
                {
                    "url": "https://github.com/fabpot",
                    "type": "github"
                },
                {
                    "url": "https://tidelift.com/funding/github/packagist/symfony/symfony",
                    "type": "tidelift"
                }
            ],
            "time": "2024-01-29T20:11:03+00:00"
        },
        {
            "name": "symfony/polyfill-php81",
            "version": "v1.29.0",
            "source": {
                "type": "git",
                "url": "https://github.com/symfony/polyfill-php81.git",
                "reference": "c565ad1e63f30e7477fc40738343c62b40bc672d"
            },
            "dist": {
                "type": "zip",
                "url": "https://api.github.com/repos/symfony/polyfill-php81/zipball/c565ad1e63f30e7477fc40738343c62b40bc672d",
                "reference": "c565ad1e63f30e7477fc40738343c62b40bc672d",
                "shasum": ""
            },
            "require": {
                "php": ">=7.1"
            },
            "type": "library",
            "extra": {
                "thanks": {
                    "name": "symfony/polyfill",
                    "url": "https://github.com/symfony/polyfill"
                }
            },
            "autoload": {
                "files": [
                    "bootstrap.php"
                ],
                "psr-4": {
                    "Symfony\\Polyfill\\Php81\\": ""
                },
                "classmap": [
                    "Resources/stubs"
                ]
            },
            "notification-url": "https://packagist.org/downloads/",
            "license": [
                "MIT"
            ],
            "authors": [
                {
                    "name": "Nicolas Grekas",
                    "email": "p@tchwork.com"
                },
                {
                    "name": "Symfony Community",
                    "homepage": "https://symfony.com/contributors"
                }
            ],
            "description": "Symfony polyfill backporting some PHP 8.1+ features to lower PHP versions",
            "homepage": "https://symfony.com",
            "keywords": [
                "compatibility",
                "polyfill",
                "portable",
                "shim"
            ],
            "support": {
                "source": "https://github.com/symfony/polyfill-php81/tree/v1.29.0"
            },
            "funding": [
                {
                    "url": "https://symfony.com/sponsor",
                    "type": "custom"
                },
                {
                    "url": "https://github.com/fabpot",
                    "type": "github"
                },
                {
                    "url": "https://tidelift.com/funding/github/packagist/symfony/symfony",
                    "type": "tidelift"
                }
            ],
            "time": "2024-01-29T20:11:03+00:00"
        }
    ],
    "packages-dev": [
        {
            "name": "php-parallel-lint/php-parallel-lint",
            "version": "v1.4.0",
            "source": {
                "type": "git",
                "url": "https://github.com/php-parallel-lint/PHP-Parallel-Lint.git",
                "reference": "6db563514f27e19595a19f45a4bf757b6401194e"
            },
            "dist": {
                "type": "zip",
                "url": "https://api.github.com/repos/php-parallel-lint/PHP-Parallel-Lint/zipball/6db563514f27e19595a19f45a4bf757b6401194e",
                "reference": "6db563514f27e19595a19f45a4bf757b6401194e",
                "shasum": ""
            },
            "require": {
                "ext-json": "*",
                "php": ">=5.3.0"
            },
            "replace": {
                "grogy/php-parallel-lint": "*",
                "jakub-onderka/php-parallel-lint": "*"
            },
            "require-dev": {
                "nette/tester": "^1.3 || ^2.0",
                "php-parallel-lint/php-console-highlighter": "0.* || ^1.0",
                "squizlabs/php_codesniffer": "^3.6"
            },
            "suggest": {
                "php-parallel-lint/php-console-highlighter": "Highlight syntax in code snippet"
            },
            "bin": [
                "parallel-lint"
            ],
            "type": "library",
            "autoload": {
                "classmap": [
                    "./src/"
                ]
            },
            "notification-url": "https://packagist.org/downloads/",
            "license": [
                "BSD-2-Clause"
            ],
            "authors": [
                {
                    "name": "Jakub Onderka",
                    "email": "ahoj@jakubonderka.cz"
                }
            ],
            "description": "This tool checks the syntax of PHP files about 20x faster than serial check.",
            "homepage": "https://github.com/php-parallel-lint/PHP-Parallel-Lint",
            "keywords": [
                "lint",
                "static analysis"
            ],
            "support": {
                "issues": "https://github.com/php-parallel-lint/PHP-Parallel-Lint/issues",
                "source": "https://github.com/php-parallel-lint/PHP-Parallel-Lint/tree/v1.4.0"
            },
            "time": "2024-03-27T12:14:49+00:00"
        },
        {
            "name": "psalm/phar",
            "version": "5.24.0",
            "source": {
                "type": "git",
                "url": "https://github.com/psalm/phar.git",
                "reference": "6ca1cbe47bbda0759b22ffe555594b547ff8351b"
            },
            "dist": {
                "type": "zip",
                "url": "https://api.github.com/repos/psalm/phar/zipball/6ca1cbe47bbda0759b22ffe555594b547ff8351b",
                "reference": "6ca1cbe47bbda0759b22ffe555594b547ff8351b",
                "shasum": ""
            },
            "require": {
                "php": "^7.1 || ^8.0"
            },
            "conflict": {
                "vimeo/psalm": "*"
            },
            "bin": [
                "psalm.phar"
            ],
            "type": "library",
            "notification-url": "https://packagist.org/downloads/",
            "license": [
                "MIT"
            ],
            "description": "Composer-based Psalm Phar",
            "support": {
                "issues": "https://github.com/psalm/phar/issues",
                "source": "https://github.com/psalm/phar/tree/5.24.0"
            },
            "time": "2024-05-01T20:28:41+00:00"
        }
    ],
    "aliases": [],
    "minimum-stability": "stable",
    "stability-flags": [],
    "prefer-stable": false,
    "prefer-lowest": false,
    "platform": [],
    "platform-dev": [],
    "plugin-api-version": "2.6.0"
}
